
Microsoft Visual Studio Solution File, Format Version 12.00
# Visual Studio Version 17
VisualStudioVersion = 17.5.33627.172
MinimumVisualStudioVersion = 10.0.40219.1
Project("{9A19103F-16F7-4668-BE54-9A1E7A4F7556}") = "MovieStore", "Movies\MovieStore.csproj", "{C1CB7C0A-84EA-4A31-8059-A96D10F536FB}"
EndProject
Project("{9A19103F-16F7-4668-BE54-9A1E7A4F7556}") = "MovieStore.Core", "MovieStore.Core\MovieStore.Core.csproj", "{8CB84051-D75B-47B1-BF5F-592E4128375B}"
EndProject
Project("{9A19103F-16F7-4668-BE54-9A1E7A4F7556}") = "MovieStore.Infrastructure", "MovieStore.Infrastructure\MovieStore.Infrastructure.csproj", "{A91376F8-E6EC-4CBF-846A-C507F6FC1FFA}"
EndProject
Project("{9A19103F-16F7-4668-BE54-9A1E7A4F7556}") = "MovieStoreTests", "MovieStoreTests\MovieStoreTests.csproj", "{2AEF8632-DF68-4EC1-A261-C59F4FE36A62}"
EndProject
Global
	GlobalSection(SolutionConfigurationPlatforms) = preSolution
		Debug|Any CPU = Debug|Any CPU
		Release|Any CPU = Release|Any CPU
	EndGlobalSection
	GlobalSection(ProjectConfigurationPlatforms) = postSolution
		{C1CB7C0A-84EA-4A31-8059-A96D10F536FB}.Debug|Any CPU.ActiveCfg = Debug|Any CPU
		{C1CB7C0A-84EA-4A31-8059-A96D10F536FB}.Debug|Any CPU.Build.0 = Debug|Any CPU
		{C1CB7C0A-84EA-4A31-8059-A96D10F536FB}.Release|Any CPU.ActiveCfg = Release|Any CPU
		{C1CB7C0A-84EA-4A31-8059-A96D10F536FB}.Release|Any CPU.Build.0 = Release|Any CPU
		{8CB84051-D75B-47B1-BF5F-592E4128375B}.Debug|Any CPU.ActiveCfg = Debug|Any CPU
		{8CB84051-D75B-47B1-BF5F-592E4128375B}.Debug|Any CPU.Build.0 = Debug|Any CPU
		{8CB84051-D75B-47B1-BF5F-592E4128375B}.Release|Any CPU.ActiveCfg = Release|Any CPU
		{8CB84051-D75B-47B1-BF5F-592E4128375B}.Release|Any CPU.Build.0 = Release|Any CPU
		{A91376F8-E6EC-4CBF-846A-C507F6FC1FFA}.Debug|Any CPU.ActiveCfg = Debug|Any CPU
		{A91376F8-E6EC-4CBF-846A-C507F6FC1FFA}.Debug|Any CPU.Build.0 = Debug|Any CPU
		{A91376F8-E6EC-4CBF-846A-C507F6FC1FFA}.Release|Any CPU.ActiveCfg = Release|Any CPU
		{A91376F8-E6EC-4CBF-846A-C507F6FC1FFA}.Release|Any CPU.Build.0 = Release|Any CPU
		{2AEF8632-DF68-4EC1-A261-C59F4FE36A62}.Debug|Any CPU.ActiveCfg = Debug|Any CPU
		{2AEF8632-DF68-4EC1-A261-C59F4FE36A62}.Debug|Any CPU.Build.0 = Debug|Any CPU
		{2AEF8632-DF68-4EC1-A261-C59F4FE36A62}.Release|Any CPU.ActiveCfg = Release|Any CPU
		{2AEF8632-DF68-4EC1-A261-C59F4FE36A62}.Release|Any CPU.Build.0 = Release|Any CPU
	EndGlobalSection
	GlobalSection(SolutionProperties) = preSolution
		HideSolutionNode = FALSE
	EndGlobalSection
	GlobalSection(ExtensibilityGlobals) = postSolution
		SolutionGuid = {2ACD1265-9540-4BCC-8B79-2E0C75AC4DE3}
	EndGlobalSection
EndGlobal
